
Microsoft Visual Studio Solution File, Format Version 12.00
# Visual Studio Version 17
VisualStudioVersion = 17.14.36511.14
MinimumVisualStudioVersion = 10.0.40219.1
Project("{2150E333-8FDC-42A3-9474-1A3956D46DE8}") = "Task0", "Task0", "{02EA681E-C7D8-13C7-8484-4AC65E1B71E8}"
EndProject
Project("{FAE04EC0-301F-11D3-BF4B-00C04F79EFBC}") = "Tyuiu.LeushinP.Sprint5.Task0.V13", "Tyuiu.LeushinP.Sprint5.Task0.V13\Tyuiu.LeushinP.Sprint5.Task0.V13.csproj", "{2AB2B8EB-E916-4D10-9728-7EFB7FA0F0BB}"
EndProject
Project("{FAE04EC0-301F-11D3-BF4B-00C04F79EFBC}") = "Tyuiu.LeushinP.Sprint5.Task0.V13.Lib", "Tyuiu.LeushinP.Sprint5.Task0.V13.Lib\Tyuiu.LeushinP.Sprint5.Task0.V13.Lib.csproj", "{E85CE94F-060A-43CD-809C-8DD2F59E1F0A}"
EndProject
Project("{FAE04EC0-301F-11D3-BF4B-00C04F79EFBC}") = "Tyuiu.LeushinP.Sprint5.Task0.V13.Test", "Tyuiu.LeushinP.Sprint5.Task0.V13.Test\Tyuiu.LeushinP.Sprint5.Task0.V13.Test.csproj", "{DEA83F33-7FF9-4B71-801D-3527FA53A09A}"
EndProject
Project("{2150E333-8FDC-42A3-9474-1A3956D46DE8}") = "Task1", "Task1", "{A90742A5-E72E-41E0-A767-7286B876DD3E}"
EndProject
Project("{FAE04EC0-301F-11D3-BF4B-00C04F79EFBC}") = "Tyuiu.LeushinP.Sprint5.Task1.V12.Lib", "Tyuiu.LeushinP.Sprint5.Task1.V12.Lib\Tyuiu.LeushinP.Sprint5.Task1.V12.Lib.csproj", "{8618ABB0-DFA4-4BA0-A0F3-363DFA137BCE}"
EndProject
Project("{FAE04EC0-301F-11D3-BF4B-00C04F79EFBC}") = "Tyuiu.LeushinP.Sprint5.Task1.V12", "Tyuiu.LeushinP.Sprint5.Task1.V12\Tyuiu.LeushinP.Sprint5.Task1.V12.csproj", "{A7027669-9C77-4FD8-B396-BFB90349E449}"
EndProject
Project("{FAE04EC0-301F-11D3-BF4B-00C04F79EFBC}") = "Tyuiu.LeushinP.Sprint5.Task1.V12.Test", "Tyuiu.LeushinP.Sprint5.Task1.V12.Test\Tyuiu.LeushinP.Sprint5.Task1.V12.Test.csproj", "{86524040-BFE0-411C-83C5-01573C2B14D4}"
EndProject
Project("{2150E333-8FDC-42A3-9474-1A3956D46DE8}") = "Task2", "Task2", "{B51D81C4-EEB1-4F17-AB7D-C4F9EB4B9D1D}"
EndProject
Project("{FAE04EC0-301F-11D3-BF4B-00C04F79EFBC}") = "Tyuiu.LeushinP.Sprint5.Task2.V19", "Tyuiu.LeushinP.Sprint5.Task2.V19\Tyuiu.LeushinP.Sprint5.Task2.V19.csproj", "{E19C8DCC-EF4A-4004-BB47-C7C1689C60BA}"
EndProject
Project("{FAE04EC0-301F-11D3-BF4B-00C04F79EFBC}") = "Tyuiu.LeushinP.Sprint5.Task2.V19.Test", "Tyuiu.LeushinP.Sprint5.Task2.V19.Test\Tyuiu.LeushinP.Sprint5.Task2.V19.Test.csproj", "{D5210699-AC9F-4D58-AC72-312E76EFECEE}"
EndProject
Project("{FAE04EC0-301F-11D3-BF4B-00C04F79EFBC}") = "Tyuiu.LeushinP.Sprint5.Task2.V19.Lib", "Tyuiu.LeushinP.Sprint5.Task2.V19.Lib\Tyuiu.LeushinP.Sprint5.Task2.V19.Lib.csproj", "{9486C15A-D99F-48D3-A2CD-78AF034FC3FE}"
EndProject
Project("{2150E333-8FDC-42A3-9474-1A3956D46DE8}") = "Task3", "Task3", "{95DE4D5E-5BEC-4FD5-8E89-1BEBF4EA0F74}"
EndProject
Project("{FAE04EC0-301F-11D3-BF4B-00C04F79EFBC}") = "Tyuiu.LeushinP.Sprint5.Task3.V18.Lib", "Tyuiu.LeushinP.Sprint5.Task3.V18.Lib\Tyuiu.LeushinP.Sprint5.Task3.V18.Lib.csproj", "{1569CDF6-9219-4458-B116-739BB54D292F}"
EndProject
Project("{FAE04EC0-301F-11D3-BF4B-00C04F79EFBC}") = "Tyuiu.LeushinP.Sprint5.Task3.V18", "Tyuiu.LeushinP.Sprint5.Task3.V18\Tyuiu.LeushinP.Sprint5.Task3.V18.csproj", "{570836E7-176B-4AD0-AA18-306B024991D1}"
EndProject
Project("{FAE04EC0-301F-11D3-BF4B-00C04F79EFBC}") = "Tyuiu.LeushinP.Sprint5.Task3.V18.Test", "Tyuiu.LeushinP.Sprint5.Task3.V18.Test\Tyuiu.LeushinP.Sprint5.Task3.V18.Test.csproj", "{269D3173-A389-4F5B-85C5-66ABB713D8A9}"
EndProject
Global
	GlobalSection(SolutionConfigurationPlatforms) = preSolution
		Debug|Any CPU = Debug|Any CPU
		Release|Any CPU = Release|Any CPU
	EndGlobalSection
	GlobalSection(ProjectConfigurationPlatforms) = postSolution
		{2AB2B8EB-E916-4D10-9728-7EFB7FA0F0BB}.Debug|Any CPU.ActiveCfg = Debug|Any CPU
		{2AB2B8EB-E916-4D10-9728-7EFB7FA0F0BB}.Debug|Any CPU.Build.0 = Debug|Any CPU
		{2AB2B8EB-E916-4D10-9728-7EFB7FA0F0BB}.Release|Any CPU.ActiveCfg = Release|Any CPU
		{2AB2B8EB-E916-4D10-9728-7EFB7FA0F0BB}.Release|Any CPU.Build.0 = Release|Any CPU
		{E85CE94F-060A-43CD-809C-8DD2F59E1F0A}.Debug|Any CPU.ActiveCfg = Debug|Any CPU
		{E85CE94F-060A-43CD-809C-8DD2F59E1F0A}.Debug|Any CPU.Build.0 = Debug|Any CPU
		{E85CE94F-060A-43CD-809C-8DD2F59E1F0A}.Release|Any CPU.ActiveCfg = Release|Any CPU
		{E85CE94F-060A-43CD-809C-8DD2F59E1F0A}.Release|Any CPU.Build.0 = Release|Any CPU
		{DEA83F33-7FF9-4B71-801D-3527FA53A09A}.Debug|Any CPU.ActiveCfg = Debug|Any CPU
		{DEA83F33-7FF9-4B71-801D-3527FA53A09A}.Debug|Any CPU.Build.0 = Debug|Any CPU
		{DEA83F33-7FF9-4B71-801D-3527FA53A09A}.Release|Any CPU.ActiveCfg = Release|Any CPU
		{DEA83F33-7FF9-4B71-801D-3527FA53A09A}.Release|Any CPU.Build.0 = Release|Any CPU
		{8618ABB0-DFA4-4BA0-A0F3-363DFA137BCE}.Debug|Any CPU.ActiveCfg = Debug|Any CPU
		{8618ABB0-DFA4-4BA0-A0F3-363DFA137BCE}.Debug|Any CPU.Build.0 = Debug|Any CPU
		{8618ABB0-DFA4-4BA0-A0F3-363DFA137BCE}.Release|Any CPU.ActiveCfg = Release|Any CPU
		{8618ABB0-DFA4-4BA0-A0F3-363DFA137BCE}.Release|Any CPU.Build.0 = Release|Any CPU
		{A7027669-9C77-4FD8-B396-BFB90349E449}.Debug|Any CPU.ActiveCfg = Debug|Any CPU
		{A7027669-9C77-4FD8-B396-BFB90349E449}.Debug|Any CPU.Build.0 = Debug|Any CPU
		{A7027669-9C77-4FD8-B396-BFB90349E449}.Release|Any CPU.ActiveCfg = Release|Any CPU
		{A7027669-9C77-4FD8-B396-BFB90349E449}.Release|Any CPU.Build.0 = Release|Any CPU
		{86524040-BFE0-411C-83C5-01573C2B14D4}.Debug|Any CPU.ActiveCfg = Debug|Any CPU
		{86524040-BFE0-411C-83C5-01573C2B14D4}.Debug|Any CPU.Build.0 = Debug|Any CPU
		{86524040-BFE0-411C-83C5-01573C2B14D4}.Release|Any CPU.ActiveCfg = Release|Any CPU
		{86524040-BFE0-411C-83C5-01573C2B14D4}.Release|Any CPU.Build.0 = Release|Any CPU
		{E19C8DCC-EF4A-4004-BB47-C7C1689C60BA}.Debug|Any CPU.ActiveCfg = Debug|Any CPU
		{E19C8DCC-EF4A-4004-BB47-C7C1689C60BA}.Debug|Any CPU.Build.0 = Debug|Any CPU
		{E19C8DCC-EF4A-4004-BB47-C7C1689C60BA}.Release|Any CPU.ActiveCfg = Release|Any CPU
		{E19C8DCC-EF4A-4004-BB47-C7C1689C60BA}.Release|Any CPU.Build.0 = Release|Any CPU
		{D5210699-AC9F-4D58-AC72-312E76EFECEE}.Debug|Any CPU.ActiveCfg = Debug|Any CPU
		{D5210699-AC9F-4D58-AC72-312E76EFECEE}.Debug|Any CPU.Build.0 = Debug|Any CPU
		{D5210699-AC9F-4D58-AC72-312E76EFECEE}.Release|Any CPU.ActiveCfg = Release|Any CPU
		{D5210699-AC9F-4D58-AC72-312E76EFECEE}.Release|Any CPU.Build.0 = Release|Any CPU
		{9486C15A-D99F-48D3-A2CD-78AF034FC3FE}.Debug|Any CPU.ActiveCfg = Debug|Any CPU
		{9486C15A-D99F-48D3-A2CD-78AF034FC3FE}.Debug|Any CPU.Build.0 = Debug|Any CPU
		{9486C15A-D99F-48D3-A2CD-78AF034FC3FE}.Release|Any CPU.ActiveCfg = Release|Any CPU
		{9486C15A-D99F-48D3-A2CD-78AF034FC3FE}.Release|Any CPU.Build.0 = Release|Any CPU
		{1569CDF6-9219-4458-B116-739BB54D292F}.Debug|Any CPU.ActiveCfg = Debug|Any CPU
		{1569CDF6-9219-4458-B116-739BB54D292F}.Debug|Any CPU.Build.0 = Debug|Any CPU
		{1569CDF6-9219-4458-B116-739BB54D292F}.Release|Any CPU.ActiveCfg = Release|Any CPU
		{1569CDF6-9219-4458-B116-739BB54D292F}.Release|Any CPU.Build.0 = Release|Any CPU
		{570836E7-176B-4AD0-AA18-306B024991D1}.Debug|Any CPU.ActiveCfg = Debug|Any CPU
		{570836E7-176B-4AD0-AA18-306B024991D1}.Debug|Any CPU.Build.0 = Debug|Any CPU
		{570836E7-176B-4AD0-AA18-306B024991D1}.Release|Any CPU.ActiveCfg = Release|Any CPU
		{570836E7-176B-4AD0-AA18-306B024991D1}.Release|Any CPU.Build.0 = Release|Any CPU
		{269D3173-A389-4F5B-85C5-66ABB713D8A9}.Debug|Any CPU.ActiveCfg = Debug|Any CPU
		{269D3173-A389-4F5B-85C5-66ABB713D8A9}.Debug|Any CPU.Build.0 = Debug|Any CPU
		{269D3173-A389-4F5B-85C5-66ABB713D8A9}.Release|Any CPU.ActiveCfg = Release|Any CPU
		{269D3173-A389-4F5B-85C5-66ABB713D8A9}.Release|Any CPU.Build.0 = Release|Any CPU
	EndGlobalSection
	GlobalSection(SolutionProperties) = preSolution
		HideSolutionNode = FALSE
	EndGlobalSection
	GlobalSection(NestedProjects) = preSolution
		{2AB2B8EB-E916-4D10-9728-7EFB7FA0F0BB} = {02EA681E-C7D8-13C7-8484-4AC65E1B71E8}
		{E85CE94F-060A-43CD-809C-8DD2F59E1F0A} = {02EA681E-C7D8-13C7-8484-4AC65E1B71E8}
		{DEA83F33-7FF9-4B71-801D-3527FA53A09A} = {02EA681E-C7D8-13C7-8484-4AC65E1B71E8}
		{8618ABB0-DFA4-4BA0-A0F3-363DFA137BCE} = {A90742A5-E72E-41E0-A767-7286B876DD3E}
		{A7027669-9C77-4FD8-B396-BFB90349E449} = {A90742A5-E72E-41E0-A767-7286B876DD3E}
		{86524040-BFE0-411C-83C5-01573C2B14D4} = {A90742A5-E72E-41E0-A767-7286B876DD3E}
		{E19C8DCC-EF4A-4004-BB47-C7C1689C60BA} = {B51D81C4-EEB1-4F17-AB7D-C4F9EB4B9D1D}
		{D5210699-AC9F-4D58-AC72-312E76EFECEE} = {B51D81C4-EEB1-4F17-AB7D-C4F9EB4B9D1D}
		{9486C15A-D99F-48D3-A2CD-78AF034FC3FE} = {B51D81C4-EEB1-4F17-AB7D-C4F9EB4B9D1D}
		{1569CDF6-9219-4458-B116-739BB54D292F} = {95DE4D5E-5BEC-4FD5-8E89-1BEBF4EA0F74}
		{570836E7-176B-4AD0-AA18-306B024991D1} = {95DE4D5E-5BEC-4FD5-8E89-1BEBF4EA0F74}
		{269D3173-A389-4F5B-85C5-66ABB713D8A9} = {95DE4D5E-5BEC-4FD5-8E89-1BEBF4EA0F74}
	EndGlobalSection
	GlobalSection(ExtensibilityGlobals) = postSolution
		SolutionGuid = {20F1EBCE-C6F5-4576-BEA6-12786053CE33}
	EndGlobalSection
EndGlobal
